
Microsoft Visual Studio Solution File, Format Version 12.00
# Visual Studio Version 17
VisualStudioVersion = 17.0.32014.148
MinimumVisualStudioVersion = 10.0.40219.1
Project("{FAE04EC0-301F-11D3-BF4B-00C04F79EFBC}") = "ShoesStoreTaskUsingAdoEFLts", "ShoesStoreTaskUsingAdoEFLts.csproj", "{73795639-E5DF-4C58-AF8A-23FBE5724A03}"
EndProject
Global
	GlobalSection(SolutionConfigurationPlatforms) = preSolution
		Debug|Any CPU = Debug|Any CPU
		Release|Any CPU = Release|Any CPU
	EndGlobalSection
	GlobalSection(ProjectConfigurationPlatforms) = postSolution
		{73795639-E5DF-4C58-AF8A-23FBE5724A03}.Debug|Any CPU.ActiveCfg = Debug|Any CPU
		{73795639-E5DF-4C58-AF8A-23FBE5724A03}.Debug|Any CPU.Build.0 = Debug|Any CPU
		{73795639-E5DF-4C58-AF8A-23FBE5724A03}.Release|Any CPU.ActiveCfg = Release|Any CPU
		{73795639-E5DF-4C58-AF8A-23FBE5724A03}.Release|Any CPU.Build.0 = Release|Any CPU
	EndGlobalSection
	GlobalSection(SolutionProperties) = preSolution
		HideSolutionNode = FALSE
	EndGlobalSection
	GlobalSection(ExtensibilityGlobals) = postSolution
		SolutionGuid = {73EBD8CE-E6AC-4267-8267-7993F7EF6646}
	EndGlobalSection
EndGlobal
